
Microsoft Visual Studio Solution File, Format Version 12.00
# Visual Studio Version 16
VisualStudioVersion = 16.0.31205.134
MinimumVisualStudioVersion = 10.0.40219.1
Project("{FAE04EC0-301F-11D3-BF4B-00C04F79EFBC}") = "CollaborativeCalculator", "CollaborativeCalculator\CollaborativeCalculator.csproj", "{C5F33051-AB18-41AA-9726-F49BFCEF4654}"
EndProject
Global
	GlobalSection(SolutionConfigurationPlatforms) = preSolution
		Debug|Any CPU = Debug|Any CPU
		Release|Any CPU = Release|Any CPU
	EndGlobalSection
	GlobalSection(ProjectConfigurationPlatforms) = postSolution
		{C5F33051-AB18-41AA-9726-F49BFCEF4654}.Debug|Any CPU.ActiveCfg = Debug|Any CPU
		{C5F33051-AB18-41AA-9726-F49BFCEF4654}.Debug|Any CPU.Build.0 = Debug|Any CPU
		{C5F33051-AB18-41AA-9726-F49BFCEF4654}.Release|Any CPU.ActiveCfg = Release|Any CPU
		{C5F33051-AB18-41AA-9726-F49BFCEF4654}.Release|Any CPU.Build.0 = Release|Any CPU
	EndGlobalSection
	GlobalSection(SolutionProperties) = preSolution
		HideSolutionNode = FALSE
	EndGlobalSection
	GlobalSection(ExtensibilityGlobals) = postSolution
		SolutionGuid = {8A212E69-0223-4727-8BEE-C6F3E7A70169}
	EndGlobalSection
EndGlobal
